<?xml version="1.0" encoding="utf-8"?>
<Project ToolsVersion="4.0" xmlns="http://schemas.microsoft.com/developer/msbuild/2003">
  <ItemGroup>
    <Filter Include="Source Files">
      <UniqueIdentifier>{4FC737F1-C7A5-4376-A066-2A32D752A2FF}</UniqueIdentifier>
      <Extensions>cpp;c;cc;cxx;def;odl;idl;hpj;bat;asm;asmx</Extensions>
    </Filter>
    <Filter Include="Header Files">
      <UniqueIdentifier>{93995380-89BD-4b04-88EB-625FBE52EBFB}</UniqueIdentifier>
      <Extensions>h;hh;hpp;hxx;hm;inl;inc;xsd</Extensions>
    </Filter>
    <Filter Include="Resource Files">
      <UniqueIdentifier>{67DA6AB6-F800-4c08-8B7A-83BB121AAD01}</UniqueIdentifier>
      <Extensions>rc;ico;cur;bmp;dlg;rc2;rct;bin;rgs;gif;jpg;jpeg;jpe;resx;tiff;tif;png;wav;mfcribbon-ms</Extensions>
    </Filter>
    <Filter Include="structures">
      <UniqueIdentifier>{889e8c5e-837f-4502-a15d-d7878469cc4b}</UniqueIdentifier>
    </Filter>
    <Filter Include="structures\vector">
      <UniqueIdentifier>{94f8fa29-d0ca-4180-9503-ae034f80055d}</UniqueIdentifier>
    </Filter>
    <Filter Include="structures\array">
      <UniqueIdentifier>{c8304253-57e0-476a-8058-fabd344881d0}</UniqueIdentifier>
    </Filter>
    <Filter Include="structures\list">
      <UniqueIdentifier>{50831eb1-c624-464b-8f2d-9bd88230479a}</UniqueIdentifier>
    </Filter>
    <Filter Include="structures\queue">
      <UniqueIdentifier>{018952d0-b116-4aeb-a55c-310dd37adbd1}</UniqueIdentifier>
    </Filter>
  </ItemGroup>
  <ItemGroup>
    <ClInclude Include="stdafx.h">
      <Filter>Header Files</Filter>
    </ClInclude>
    <ClInclude Include="targetver.h">
      <Filter>Header Files</Filter>
    </ClInclude>
    <ClInclude Include="structures\ds_routines.h">
      <Filter>structures</Filter>
    </ClInclude>
    <ClInclude Include="structures\ds_structure_factory.h">
      <Filter>structures</Filter>
    </ClInclude>
    <ClInclude Include="structures\ds_structure_types.h">
      <Filter>structures</Filter>
    </ClInclude>
    <ClInclude Include="structures\heap_monitor.h">
      <Filter>structures</Filter>
    </ClInclude>
    <ClInclude Include="structures\memory_routines.h">
      <Filter>structures</Filter>
    </ClInclude>
    <ClInclude Include="structures\structure.h">
      <Filter>structures</Filter>
    </ClInclude>
    <ClInclude Include="structures\structure_iterator.h">
      <Filter>structures</Filter>
    </ClInclude>
    <ClInclude Include="structures\array\array.h">
      <Filter>structures\array</Filter>
    </ClInclude>
    <ClInclude Include="structures\list\array_list.h">
      <Filter>structures\list</Filter>
    </ClInclude>
    <ClInclude Include="structures\list\linked_list.h">
      <Filter>structures\list</Filter>
    </ClInclude>
    <ClInclude Include="structures\list\list.h">
      <Filter>structures\list</Filter>
    </ClInclude>
    <ClInclude Include="structures\vector\vector.h">
      <Filter>structures\vector</Filter>
    </ClInclude>
    <ClInclude Include="structures\list\array_list2.h">
      <Filter>structures\list</Filter>
    </ClInclude>
    <ClInclude Include="types.h">
      <Filter>Header Files</Filter>
    </ClInclude>
    <ClInclude Include="BioFarmar.h">
      <Filter>Header Files</Filter>
    </ClInclude>
    <ClInclude Include="structures\queue\implicit_queue.h">
      <Filter>structures\queue</Filter>
    </ClInclude>
    <ClInclude Include="structures\queue\queue.h">
      <Filter>structures\queue</Filter>
    </ClInclude>
    <ClInclude Include="EvidenciaBioFarmarov.h">
      <Filter>Header Files</Filter>
    </ClInclude>
    <ClInclude Include="EvidenciaVozidiel.h">
      <Filter>Header Files</Filter>
    </ClInclude>
    <ClInclude Include="Vozidlo.h">
      <Filter>Header Files</Filter>
    </ClInclude>
    <ClInclude Include="Datum.h">
      <Filter>Header Files</Filter>
    </ClInclude>
    <ClInclude Include="Zakaznik.h">
      <Filter>Header Files</Filter>
    </ClInclude>
    <ClInclude Include="EvidenciaZakaznikov.h">
      <Filter>Header Files</Filter>
    </ClInclude>
    <ClInclude Include="System.h">
      <Filter>Header Files</Filter>
    </ClInclude>
    <ClInclude Include="EvidenciaZasob.h">
      <Filter>Header Files</Filter>
    </ClInclude>
    <ClInclude Include="MnozstvoPolotovaru.h">
      <Filter>Header Files</Filter>
    </ClInclude>
    <ClInclude Include="UdajePolotovar.h">
      <Filter>Header Files</Filter>
    </ClInclude>
    <ClInclude Include="PriemernaCenaPolotovaru.h">
      <Filter>Header Files</Filter>
    </ClInclude>
    <ClInclude Include="EvidenciaObjednavokTovaru.h">
      <Filter>Header Files</Filter>
    </ClInclude>
    <ClInclude Include="ObjednavkaTovaru.h">
      <Filter>Header Files</Filter>
    </ClInclude>
    <ClInclude Include="ObjednavkaPolotovaru.h">
      <Filter>Header Files</Filter>
    </ClInclude>
    <ClInclude Include="NaplnaneVozidlo.h">
      <Filter>Header Files</Filter>
    </ClInclude>
    <ClInclude Include="Zisk.h">
      <Filter>Header Files</Filter>
    </ClInclude>
  </ItemGroup>
  <ItemGroup>
    <ClCompile Include="stdafx.cpp">
      <Filter>Source Files</Filter>
    </ClCompile>
    <ClCompile Include="structures\ds_routines.cpp">
      <Filter>structures</Filter>
    </ClCompile>
    <ClCompile Include="structures\memory_routines.cpp">
      <Filter>structures</Filter>
    </ClCompile>
    <ClCompile Include="structures\structure.cpp">
      <Filter>structures</Filter>
    </ClCompile>
    <ClCompile Include="structures\vector\vector.cpp">
      <Filter>structures\vector</Filter>
    </ClCompile>
    <ClCompile Include="System.cpp">
      <Filter>Source Files</Filter>
    </ClCompile>
    <ClCompile Include="EvidenciaZasob.cpp">
      <Filter>Source Files</Filter>
    </ClCompile>
    <ClCompile Include="BioFarmar.cpp">
      <Filter>Source Files</Filter>
    </ClCompile>
    <ClCompile Include="EvidenciaBioFarmarov.cpp">
      <Filter>Source Files</Filter>
    </ClCompile>
    <ClCompile Include="EvidenciaVozidiel.cpp">
      <Filter>Source Files</Filter>
    </ClCompile>
    <ClCompile Include="EvidenciaZakaznikov.cpp">
      <Filter>Source Files</Filter>
    </ClCompile>
    <ClCompile Include="Main.cpp">
      <Filter>Source Files</Filter>
    </ClCompile>
    <ClCompile Include="EvidenciaObjednavokTovaru.cpp">
      <Filter>Source Files</Filter>
    </ClCompile>
  </ItemGroup>
</Project>